{
  "nodes": {
    "app1-infrastruktur": {
      "inputs": {
        "flake-utils": "flake-utils",
        "nixpkgs": "nixpkgs"
      },
      "locked": {
        "lastModified": 1679146172,
        "narHash": "sha256-hcfMlcKo5UYOk2fUEAl9ejxhx4qzJeaXxTtEYUlrE8A=",
        "path": "/home/ejg/app1-infrastruktur",
        "type": "path"
      },
      "original": {
        "path": "/home/ejg/app1-infrastruktur",
        "type": "path"
      }
    },
    "flake-utils": {
      "locked": {
        "lastModified": 1678901627,
        "narHash": "sha256-U02riOqrKKzwjsxc/400XnElV+UtPUQWpANPlyazjH0=",
        "owner": "numtide",
        "repo": "flake-utils",
        "rev": "93a2b84fc4b70d9e089d029deacc3583435c2ed6",
        "type": "github"
      },
      "original": {
        "owner": "numtide",
        "repo": "flake-utils",
        "type": "github"
      }
    },
    "flake-utils_2": {
      "locked": {
        "lastModified": 1678901627,
        "narHash": "sha256-U02riOqrKKzwjsxc/400XnElV+UtPUQWpANPlyazjH0=",
        "owner": "numtide",
        "repo": "flake-utils",
        "rev": "93a2b84fc4b70d9e089d029deacc3583435c2ed6",
        "type": "github"
      },
      "original": {
        "owner": "numtide",
        "repo": "flake-utils",
        "type": "github"
      }
    },
    "flake-utils_3": {
      "locked": {
        "lastModified": 1678901627,
        "narHash": "sha256-U02riOqrKKzwjsxc/400XnElV+UtPUQWpANPlyazjH0=",
        "owner": "numtide",
        "repo": "flake-utils",
        "rev": "93a2b84fc4b70d9e089d029deacc3583435c2ed6",
        "type": "github"
      },
      "original": {
        "owner": "numtide",
        "repo": "flake-utils",
        "type": "github"
      }
    },
    "https-server-proxy": {
      "inputs": {
        "flake-utils": "flake-utils_2",
        "nixpkgs": "nixpkgs_2"
      },
      "locked": {
        "lastModified": 1679329350,
        "narHash": "sha256-TkjIuVG8uI3CSlMdnb3JPAqYAZ3stoAKzR/5RzX6Bp8=",
        "path": "/home/ejg/https-server-proxy",
        "type": "path"
      },
      "original": {
        "path": "/home/ejg/https-server-proxy",
        "type": "path"
      }
    },
    "nixpkgs": {
      "locked": {
        "lastModified": 1679224734,
        "narHash": "sha256-1Ab3xY7Wgo1h1TNwRt6fp2XjV+KUo+hP1Bolh0KiDJs=",
        "owner": "NixOS",
        "repo": "nixpkgs",
        "rev": "eac7da7b519a5aefe92c33c90b4450a24ebe0ab3",
        "type": "github"
      },
      "original": {
        "owner": "NixOS",
        "ref": "nixos-22.11",
        "repo": "nixpkgs",
        "type": "github"
      }
    },
    "nixpkgs_2": {
      "locked": {
        "lastModified": 1678872516,
        "narHash": "sha256-/E1YwtMtFAu2KUQKV/1+KFuReYPANM2Rzehk84VxVoc=",
        "owner": "NixOS",
        "repo": "nixpkgs",
        "rev": "9b8e5abb18324c7fe9f07cb100c3cd4a29cda8b8",
        "type": "github"
      },
      "original": {
        "owner": "NixOS",
        "ref": "nixos-22.11",
        "repo": "nixpkgs",
        "type": "github"
      }
    },
    "nixpkgs_3": {
      "locked": {
        "lastModified": 1679224734,
        "narHash": "sha256-1Ab3xY7Wgo1h1TNwRt6fp2XjV+KUo+hP1Bolh0KiDJs=",
        "owner": "NixOS",
        "repo": "nixpkgs",
        "rev": "eac7da7b519a5aefe92c33c90b4450a24ebe0ab3",
        "type": "github"
      },
      "original": {
        "owner": "NixOS",
        "ref": "nixos-22.11",
        "repo": "nixpkgs",
        "type": "github"
      }
    },
    "nixpkgs_4": {
      "locked": {
        "lastModified": 1679710833,
        "narHash": "sha256-9yKVvGX1oAnlc8vTVvN2lRH35q6ETudQbM1w9ragMRU=",
        "owner": "NixOS",
        "repo": "nixpkgs",
        "rev": "83607dae4e05e1de755bbc7d7949b33fc1cfbbb9",
        "type": "github"
      },
      "original": {
        "owner": "NixOS",
        "ref": "nixos-22.11",
        "repo": "nixpkgs",
        "type": "github"
      }
    },
    "nodehill-home-page": {
      "inputs": {
        "flake-utils": "flake-utils_3",
        "nixpkgs": "nixpkgs_4"
      },
      "locked": {
        "lastModified": 1679726979,
        "narHash": "sha256-ZLCiOM9o0iypT6R4gZ0K5gxmWAod7oPIu+cLmEO0n0s=",
        "path": "/home/ejg/nodehill-home-page",
        "type": "path"
      },
      "original": {
        "path": "/home/ejg/nodehill-home-page",
        "type": "path"
      }
    },
    "root": {
      "inputs": {
        "app1-infrastruktur": "app1-infrastruktur",
        "https-server-proxy": "https-server-proxy",
        "nixpkgs": "nixpkgs_3",
        "nodehill-home-page": "nodehill-home-page"
      }
    }
  },
  "root": "root",
  "version": 7
}
